
Microsoft Visual Studio Solution File, Format Version 12.00
# Visual Studio Version 16
VisualStudioVersion = 16.0.34407.143
MinimumVisualStudioVersion = 10.0.40219.1
Project("{FAE04EC0-301F-11D3-BF4B-00C04F79EFBC}") = "ProBillInvoice", "ProBillInvoice\ProBillInvoice.csproj", "{F64C7E45-01ED-466F-9AAD-570060C94B33}"
EndProject
Global
	GlobalSection(SolutionConfigurationPlatforms) = preSolution
		Debug|Any CPU = Debug|Any CPU
		Release|Any CPU = Release|Any CPU
	EndGlobalSection
	GlobalSection(ProjectConfigurationPlatforms) = postSolution
		{F64C7E45-01ED-466F-9AAD-570060C94B33}.Debug|Any CPU.ActiveCfg = Debug|Any CPU
		{F64C7E45-01ED-466F-9AAD-570060C94B33}.Debug|Any CPU.Build.0 = Debug|Any CPU
		{F64C7E45-01ED-466F-9AAD-570060C94B33}.Release|Any CPU.ActiveCfg = Release|Any CPU
		{F64C7E45-01ED-466F-9AAD-570060C94B33}.Release|Any CPU.Build.0 = Release|Any CPU
	EndGlobalSection
	GlobalSection(SolutionProperties) = preSolution
		HideSolutionNode = FALSE
	EndGlobalSection
	GlobalSection(ExtensibilityGlobals) = postSolution
		SolutionGuid = {EF7F0E33-208C-4B9B-ADC0-70104F0D1C0E}
	EndGlobalSection
EndGlobal
